
Microsoft Visual Studio Solution File, Format Version 12.00
# Visual Studio Version 17
VisualStudioVersion = 17.3.32825.248
MinimumVisualStudioVersion = 10.0.40219.1
Project("{FAE04EC0-301F-11D3-BF4B-00C04F79EFBC}") = "FullStack.API", "FullStack.API\FullStack.API.csproj", "{82ECBC02-20DF-4B61-8C4B-EBC191DAA65D}"
EndProject
Global
	GlobalSection(SolutionConfigurationPlatforms) = preSolution
		Debug|Any CPU = Debug|Any CPU
		Release|Any CPU = Release|Any CPU
	EndGlobalSection
	GlobalSection(ProjectConfigurationPlatforms) = postSolution
		{82ECBC02-20DF-4B61-8C4B-EBC191DAA65D}.Debug|Any CPU.ActiveCfg = Debug|Any CPU
		{82ECBC02-20DF-4B61-8C4B-EBC191DAA65D}.Debug|Any CPU.Build.0 = Debug|Any CPU
		{82ECBC02-20DF-4B61-8C4B-EBC191DAA65D}.Release|Any CPU.ActiveCfg = Release|Any CPU
		{82ECBC02-20DF-4B61-8C4B-EBC191DAA65D}.Release|Any CPU.Build.0 = Release|Any CPU
	EndGlobalSection
	GlobalSection(SolutionProperties) = preSolution
		HideSolutionNode = FALSE
	EndGlobalSection
	GlobalSection(ExtensibilityGlobals) = postSolution
		SolutionGuid = {AEA22998-9EF1-4F7A-98B5-4679C56A5CBB}
	EndGlobalSection
EndGlobal
